
Microsoft Visual Studio Solution File, Format Version 12.00
# Visual Studio Version 16
VisualStudioVersion = 16.0.31911.196
MinimumVisualStudioVersion = 10.0.40219.1
Project("{FAE04EC0-301F-11D3-BF4B-00C04F79EFBC}") = "Guessing Game", "Guessing Game\Guessing Game.csproj", "{52718FCD-3AE5-4A55-8FA4-739EEEEBC02C}"
EndProject
Global
	GlobalSection(SolutionConfigurationPlatforms) = preSolution
		Debug|Any CPU = Debug|Any CPU
		Release|Any CPU = Release|Any CPU
	EndGlobalSection
	GlobalSection(ProjectConfigurationPlatforms) = postSolution
		{52718FCD-3AE5-4A55-8FA4-739EEEEBC02C}.Debug|Any CPU.ActiveCfg = Debug|Any CPU
		{52718FCD-3AE5-4A55-8FA4-739EEEEBC02C}.Debug|Any CPU.Build.0 = Debug|Any CPU
		{52718FCD-3AE5-4A55-8FA4-739EEEEBC02C}.Release|Any CPU.ActiveCfg = Release|Any CPU
		{52718FCD-3AE5-4A55-8FA4-739EEEEBC02C}.Release|Any CPU.Build.0 = Release|Any CPU
	EndGlobalSection
	GlobalSection(SolutionProperties) = preSolution
		HideSolutionNode = FALSE
	EndGlobalSection
	GlobalSection(ExtensibilityGlobals) = postSolution
		SolutionGuid = {5435D6D6-4E87-4683-AF37-CA6479AA9C3C}
	EndGlobalSection
EndGlobal
